
Microsoft Visual Studio Solution File, Format Version 12.00
# Visual Studio 15
VisualStudioVersion = 15.0.27130.2010
MinimumVisualStudioVersion = 10.0.40219.1
Project("{FAE04EC0-301F-11D3-BF4B-00C04F79EFBC}") = "020820", "020820.csproj", "{ABF0F955-11EA-41C0-9137-38BC67D651AA}"
EndProject
Global
	GlobalSection(SolutionConfigurationPlatforms) = preSolution
		Debug|Any CPU = Debug|Any CPU
		Release|Any CPU = Release|Any CPU
	EndGlobalSection
	GlobalSection(ProjectConfigurationPlatforms) = postSolution
		{ABF0F955-11EA-41C0-9137-38BC67D651AA}.Debug|Any CPU.ActiveCfg = Debug|Any CPU
		{ABF0F955-11EA-41C0-9137-38BC67D651AA}.Debug|Any CPU.Build.0 = Debug|Any CPU
		{ABF0F955-11EA-41C0-9137-38BC67D651AA}.Release|Any CPU.ActiveCfg = Release|Any CPU
		{ABF0F955-11EA-41C0-9137-38BC67D651AA}.Release|Any CPU.Build.0 = Release|Any CPU
	EndGlobalSection
	GlobalSection(SolutionProperties) = preSolution
		HideSolutionNode = FALSE
	EndGlobalSection
	GlobalSection(ExtensibilityGlobals) = postSolution
		SolutionGuid = {31C948E6-1CBF-4C56-9C87-8E06AB042D97}
	EndGlobalSection
EndGlobal
